
Microsoft Visual Studio Solution File, Format Version 12.00
Project("{FAE04EC0-301F-11D3-BF4B-00C04F79EFBC}") = "ApplyTLS", "ApplyTLS\ApplyTLS.csproj", "{CDF7390A-3A33-48EA-B081-87883C6B3878}"
EndProject
Global
	GlobalSection(SolutionConfigurationPlatforms) = preSolution
		Debug|Any CPU = Debug|Any CPU
		Release|Any CPU = Release|Any CPU
	EndGlobalSection
	GlobalSection(ProjectConfigurationPlatforms) = postSolution
		{CDF7390A-3A33-48EA-B081-87883C6B3878}.Debug|Any CPU.ActiveCfg = Debug|Any CPU
		{CDF7390A-3A33-48EA-B081-87883C6B3878}.Debug|Any CPU.Build.0 = Debug|Any CPU
		{CDF7390A-3A33-48EA-B081-87883C6B3878}.Release|Any CPU.ActiveCfg = Release|Any CPU
		{CDF7390A-3A33-48EA-B081-87883C6B3878}.Release|Any CPU.Build.0 = Release|Any CPU
	EndGlobalSection
EndGlobal
